
Microsoft Visual Studio Solution File, Format Version 12.00
# Visual Studio Version 16
VisualStudioVersion = 16.0.30503.244
MinimumVisualStudioVersion = 10.0.40219.1
Project("{FAE04EC0-301F-11D3-BF4B-00C04F79EFBC}") = "QSharpApplication1", "QSharpApplication1\QSharpApplication1.csproj", "{E1F70879-1B67-4FB4-B661-E21E40B19F25}"
EndProject
Global
	GlobalSection(SolutionConfigurationPlatforms) = preSolution
		Debug|Any CPU = Debug|Any CPU
		Release|Any CPU = Release|Any CPU
	EndGlobalSection
	GlobalSection(ProjectConfigurationPlatforms) = postSolution
		{E1F70879-1B67-4FB4-B661-E21E40B19F25}.Debug|Any CPU.ActiveCfg = Debug|Any CPU
		{E1F70879-1B67-4FB4-B661-E21E40B19F25}.Debug|Any CPU.Build.0 = Debug|Any CPU
		{E1F70879-1B67-4FB4-B661-E21E40B19F25}.Release|Any CPU.ActiveCfg = Release|Any CPU
		{E1F70879-1B67-4FB4-B661-E21E40B19F25}.Release|Any CPU.Build.0 = Release|Any CPU
	EndGlobalSection
	GlobalSection(SolutionProperties) = preSolution
		HideSolutionNode = FALSE
	EndGlobalSection
	GlobalSection(ExtensibilityGlobals) = postSolution
		SolutionGuid = {F175C46F-99B0-450B-A37C-6ACFCE8F27E1}
	EndGlobalSection
EndGlobal
